// !$*UTF8*$!
{
	archiveVersion = 1;
	classes = {
	};
	objectVersion = 56;
	objects = {

/* Begin PBXBuildFile section */
		2D1940142A4DE33A00A45537 /* AddTransactionView.swift in Sources */ = {isa = PBXBuildFile; fileRef = 2D1940132A4DE33A00A45537 /* AddTransactionView.swift */; };
		2D1940162A4DE58100A45537 /* AddTransactionViewModel.swift in Sources */ = {isa = PBXBuildFile; fileRef = 2D1940152A4DE58100A45537 /* AddTransactionViewModel.swift */; };
		2D1940372A5184C400A45537 /* Expense+CoreDataClass.swift in Sources */ = {isa = PBXBuildFile; fileRef = 2D1940352A5184C400A45537 /* Expense+CoreDataClass.swift */; };
		2D1940382A5184C400A45537 /* Expense+CoreDataProperties.swift in Sources */ = {isa = PBXBuildFile; fileRef = 2D1940362A5184C400A45537 /* Expense+CoreDataProperties.swift */; };
		2D19403C2A5188C400A45537 /* ExpenseEnum.swift in Sources */ = {isa = PBXBuildFile; fileRef = 2D19403B2A5188C400A45537 /* ExpenseEnum.swift */; };
		2DA7D78C2A4AB76C00F25939 /* DimeDasherApp.swift in Sources */ = {isa = PBXBuildFile; fileRef = 2DA7D78B2A4AB76C00F25939 /* DimeDasherApp.swift */; };
		2DA7D78E2A4AB76C00F25939 /* ContentView.swift in Sources */ = {isa = PBXBuildFile; fileRef = 2DA7D78D2A4AB76C00F25939 /* ContentView.swift */; };
		2DA7D7902A4AB76D00F25939 /* Assets.xcassets in Resources */ = {isa = PBXBuildFile; fileRef = 2DA7D78F2A4AB76D00F25939 /* Assets.xcassets */; };
		2DA7D7932A4AB76D00F25939 /* Preview Assets.xcassets in Resources */ = {isa = PBXBuildFile; fileRef = 2DA7D7922A4AB76D00F25939 /* Preview Assets.xcassets */; };
		2DA7D7952A4AB76D00F25939 /* Persistence.swift in Sources */ = {isa = PBXBuildFile; fileRef = 2DA7D7942A4AB76D00F25939 /* Persistence.swift */; };
		2DA7D7982A4AB76D00F25939 /* DimeDasher.xcdatamodeld in Sources */ = {isa = PBXBuildFile; fileRef = 2DA7D7962A4AB76D00F25939 /* DimeDasher.xcdatamodeld */; };
		2DA7D7A62A4AC75900F25939 /* CustomTabView.swift in Sources */ = {isa = PBXBuildFile; fileRef = 2DA7D7A52A4AC75900F25939 /* CustomTabView.swift */; };
		2DA7D7A82A4AC78100F25939 /* MainView.swift in Sources */ = {isa = PBXBuildFile; fileRef = 2DA7D7A72A4AC78100F25939 /* MainView.swift */; };
		2DA7D7AA2A4AC89500F25939 /* ChartView.swift in Sources */ = {isa = PBXBuildFile; fileRef = 2DA7D7A92A4AC89500F25939 /* ChartView.swift */; };
		2DA7D7AC2A4ACB2200F25939 /* TabsContentView.swift in Sources */ = {isa = PBXBuildFile; fileRef = 2DA7D7AB2A4ACB2200F25939 /* TabsContentView.swift */; };
		2DA7D7B02A4AD10500F25939 /* Constants.swift in Sources */ = {isa = PBXBuildFile; fileRef = 2DA7D7AF2A4AD10500F25939 /* Constants.swift */; };
		2DA7D7B32A4AE4FC00F25939 /* SummaryView.swift in Sources */ = {isa = PBXBuildFile; fileRef = 2DA7D7B22A4AE4FC00F25939 /* SummaryView.swift */; };
		2DA7D7B82A4AE78700F25939 /* Raleway-Bold.ttf in Resources */ = {isa = PBXBuildFile; fileRef = 2DA7D7B72A4AE78700F25939 /* Raleway-Bold.ttf */; };
		2DA7D7BB2A4AE92D00F25939 /* Raleway-Regular.ttf in Resources */ = {isa = PBXBuildFile; fileRef = 2DA7D7BA2A4AE92D00F25939 /* Raleway-Regular.ttf */; };
		2DA7D7BD2A4AEECA00F25939 /* HeaderView.swift in Sources */ = {isa = PBXBuildFile; fileRef = 2DA7D7BC2A4AEECA00F25939 /* HeaderView.swift */; };
		2DA7D7BF2A4AF1BB00F25939 /* TransactionList.swift in Sources */ = {isa = PBXBuildFile; fileRef = 2DA7D7BE2A4AF1BB00F25939 /* TransactionList.swift */; };
		2DA7D7C12A4AF1C900F25939 /* TransactionListItem.swift in Sources */ = {isa = PBXBuildFile; fileRef = 2DA7D7C02A4AF1C900F25939 /* TransactionListItem.swift */; };
		2DA7D7C42A4B161200F25939 /* DataController.swift in Sources */ = {isa = PBXBuildFile; fileRef = 2DA7D7C32A4B161200F25939 /* DataController.swift */; };
		2DA7D7C62A4B3BD600F25939 /* NewTransactionView.swift in Sources */ = {isa = PBXBuildFile; fileRef = 2DA7D7C52A4B3BD600F25939 /* NewTransactionView.swift */; };
		2DA7D7C82A4C827900F25939 /* FirstLaunchView.swift in Sources */ = {isa = PBXBuildFile; fileRef = 2DA7D7C72A4C827900F25939 /* FirstLaunchView.swift */; };
		2DA7D7CE2A4CB67000F25939 /* FirstLaunchViewModel.swift in Sources */ = {isa = PBXBuildFile; fileRef = 2DA7D7CD2A4CB67000F25939 /* FirstLaunchViewModel.swift */; };
		2DA7D7D02A4CC45C00F25939 /* MainViewModel.swift in Sources */ = {isa = PBXBuildFile; fileRef = 2DA7D7CF2A4CC45C00F25939 /* MainViewModel.swift */; };
		2DA7D7D32A4CCDAC00F25939 /* Collections in Frameworks */ = {isa = PBXBuildFile; productRef = 2DA7D7D22A4CCDAC00F25939 /* Collections */; };
		2DA7D7D52A4CCDAC00F25939 /* DequeModule in Frameworks */ = {isa = PBXBuildFile; productRef = 2DA7D7D42A4CCDAC00F25939 /* DequeModule */; };
		2DA7D7D72A4CCDAC00F25939 /* OrderedCollections in Frameworks */ = {isa = PBXBuildFile; productRef = 2DA7D7D62A4CCDAC00F25939 /* OrderedCollections */; };
/* End PBXBuildFile section */

/* Begin PBXFileReference section */
		2D1940132A4DE33A00A45537 /* AddTransactionView.swift */ = {isa = PBXFileReference; lastKnownFileType = sourcecode.swift; path = AddTransactionView.swift; sourceTree = "<group>"; };
		2D1940152A4DE58100A45537 /* AddTransactionViewModel.swift */ = {isa = PBXFileReference; lastKnownFileType = sourcecode.swift; path = AddTransactionViewModel.swift; sourceTree = "<group>"; };
		2D1940352A5184C400A45537 /* Expense+CoreDataClass.swift */ = {isa = PBXFileReference; lastKnownFileType = sourcecode.swift; path = "Expense+CoreDataClass.swift"; sourceTree = "<group>"; };
		2D1940362A5184C400A45537 /* Expense+CoreDataProperties.swift */ = {isa = PBXFileReference; lastKnownFileType = sourcecode.swift; path = "Expense+CoreDataProperties.swift"; sourceTree = "<group>"; };
		2D19403B2A5188C400A45537 /* ExpenseEnum.swift */ = {isa = PBXFileReference; lastKnownFileType = sourcecode.swift; path = ExpenseEnum.swift; sourceTree = "<group>"; };
		2DA7D7882A4AB76C00F25939 /* DimeDasher.app */ = {isa = PBXFileReference; explicitFileType = wrapper.application; includeInIndex = 0; path = DimeDasher.app; sourceTree = BUILT_PRODUCTS_DIR; };
		2DA7D78B2A4AB76C00F25939 /* DimeDasherApp.swift */ = {isa = PBXFileReference; lastKnownFileType = sourcecode.swift; path = DimeDasherApp.swift; sourceTree = "<group>"; };
		2DA7D78D2A4AB76C00F25939 /* ContentView.swift */ = {isa = PBXFileReference; lastKnownFileType = sourcecode.swift; path = ContentView.swift; sourceTree = "<group>"; };
		2DA7D78F2A4AB76D00F25939 /* Assets.xcassets */ = {isa = PBXFileReference; lastKnownFileType = folder.assetcatalog; path = Assets.xcassets; sourceTree = "<group>"; };
		2DA7D7922A4AB76D00F25939 /* Preview Assets.xcassets */ = {isa = PBXFileReference; lastKnownFileType = folder.assetcatalog; path = "Preview Assets.xcassets"; sourceTree = "<group>"; };
		2DA7D7942A4AB76D00F25939 /* Persistence.swift */ = {isa = PBXFileReference; lastKnownFileType = sourcecode.swift; path = Persistence.swift; sourceTree = "<group>"; };
		2DA7D7972A4AB76D00F25939 /* DimeDasher.xcdatamodel */ = {isa = PBXFileReference; lastKnownFileType = wrapper.xcdatamodel; path = DimeDasher.xcdatamodel; sourceTree = "<group>"; };
		2DA7D7A52A4AC75900F25939 /* CustomTabView.swift */ = {isa = PBXFileReference; lastKnownFileType = sourcecode.swift; path = CustomTabView.swift; sourceTree = "<group>"; };
		2DA7D7A72A4AC78100F25939 /* MainView.swift */ = {isa = PBXFileReference; lastKnownFileType = sourcecode.swift; path = MainView.swift; sourceTree = "<group>"; };
		2DA7D7A92A4AC89500F25939 /* ChartView.swift */ = {isa = PBXFileReference; lastKnownFileType = sourcecode.swift; path = ChartView.swift; sourceTree = "<group>"; };
		2DA7D7AB2A4ACB2200F25939 /* TabsContentView.swift */ = {isa = PBXFileReference; lastKnownFileType = sourcecode.swift; path = TabsContentView.swift; sourceTree = "<group>"; };
		2DA7D7AF2A4AD10500F25939 /* Constants.swift */ = {isa = PBXFileReference; lastKnownFileType = sourcecode.swift; path = Constants.swift; sourceTree = "<group>"; };
		2DA7D7B22A4AE4FC00F25939 /* SummaryView.swift */ = {isa = PBXFileReference; lastKnownFileType = sourcecode.swift; path = SummaryView.swift; sourceTree = "<group>"; };
		2DA7D7B72A4AE78700F25939 /* Raleway-Bold.ttf */ = {isa = PBXFileReference; lastKnownFileType = file; path = "Raleway-Bold.ttf"; sourceTree = "<group>"; };
		2DA7D7B92A4AE79C00F25939 /* Info.plist */ = {isa = PBXFileReference; lastKnownFileType = text.plist; path = Info.plist; sourceTree = "<group>"; };
		2DA7D7BA2A4AE92D00F25939 /* Raleway-Regular.ttf */ = {isa = PBXFileReference; lastKnownFileType = file; path = "Raleway-Regular.ttf"; sourceTree = "<group>"; };
		2DA7D7BC2A4AEECA00F25939 /* HeaderView.swift */ = {isa = PBXFileReference; lastKnownFileType = sourcecode.swift; path = HeaderView.swift; sourceTree = "<group>"; };
		2DA7D7BE2A4AF1BB00F25939 /* TransactionList.swift */ = {isa = PBXFileReference; lastKnownFileType = sourcecode.swift; path = TransactionList.swift; sourceTree = "<group>"; };
		2DA7D7C02A4AF1C900F25939 /* TransactionListItem.swift */ = {isa = PBXFileReference; lastKnownFileType = sourcecode.swift; path = TransactionListItem.swift; sourceTree = "<group>"; };
		2DA7D7C32A4B161200F25939 /* DataController.swift */ = {isa = PBXFileReference; lastKnownFileType = sourcecode.swift; path = DataController.swift; sourceTree = "<group>"; };
		2DA7D7C52A4B3BD600F25939 /* NewTransactionView.swift */ = {isa = PBXFileReference; lastKnownFileType = sourcecode.swift; path = NewTransactionView.swift; sourceTree = "<group>"; };
		2DA7D7C72A4C827900F25939 /* FirstLaunchView.swift */ = {isa = PBXFileReference; lastKnownFileType = sourcecode.swift; path = FirstLaunchView.swift; sourceTree = "<group>"; };
		2DA7D7CD2A4CB67000F25939 /* FirstLaunchViewModel.swift */ = {isa = PBXFileReference; lastKnownFileType = sourcecode.swift; path = FirstLaunchViewModel.swift; sourceTree = "<group>"; };
		2DA7D7CF2A4CC45C00F25939 /* MainViewModel.swift */ = {isa = PBXFileReference; lastKnownFileType = sourcecode.swift; path = MainViewModel.swift; sourceTree = "<group>"; };
/* End PBXFileReference section */

/* Begin PBXFrameworksBuildPhase section */
		2DA7D7852A4AB76C00F25939 /* Frameworks */ = {
			isa = PBXFrameworksBuildPhase;
			buildActionMask = 2147483647;
			files = (
				2DA7D7D32A4CCDAC00F25939 /* Collections in Frameworks */,
				2DA7D7D72A4CCDAC00F25939 /* OrderedCollections in Frameworks */,
				2DA7D7D52A4CCDAC00F25939 /* DequeModule in Frameworks */,
			);
			runOnlyForDeploymentPostprocessing = 0;
		};
/* End PBXFrameworksBuildPhase section */

/* Begin PBXGroup section */
		2D1940172A4DE58F00A45537 /* AddTransactionView */ = {
			isa = PBXGroup;
			children = (
				2DA7D7C52A4B3BD600F25939 /* NewTransactionView.swift */,
				2D1940152A4DE58100A45537 /* AddTransactionViewModel.swift */,
				2D1940132A4DE33A00A45537 /* AddTransactionView.swift */,
			);
			path = AddTransactionView;
			sourceTree = "<group>";
		};
		2D1940392A51889C00A45537 /* Core Data */ = {
			isa = PBXGroup;
			children = (
				2D19403A2A5188AC00A45537 /* Expense */,
			);
			path = "Core Data";
			sourceTree = "<group>";
		};
		2D19403A2A5188AC00A45537 /* Expense */ = {
			isa = PBXGroup;
			children = (
				2D19403B2A5188C400A45537 /* ExpenseEnum.swift */,
				2D1940352A5184C400A45537 /* Expense+CoreDataClass.swift */,
				2D1940362A5184C400A45537 /* Expense+CoreDataProperties.swift */,
			);
			path = Expense;
			sourceTree = "<group>";
		};
		2DA7D77F2A4AB76C00F25939 = {
			isa = PBXGroup;
			children = (
				2D1940392A51889C00A45537 /* Core Data */,
				2DA7D78A2A4AB76C00F25939 /* DimeDasher */,
				2DA7D7892A4AB76C00F25939 /* Products */,
			);
			sourceTree = "<group>";
		};
		2DA7D7892A4AB76C00F25939 /* Products */ = {
			isa = PBXGroup;
			children = (
				2DA7D7882A4AB76C00F25939 /* DimeDasher.app */,
			);
			name = Products;
			sourceTree = "<group>";
		};
		2DA7D78A2A4AB76C00F25939 /* DimeDasher */ = {
			isa = PBXGroup;
			children = (
				2DA7D7B92A4AE79C00F25939 /* Info.plist */,
				2DA7D78B2A4AB76C00F25939 /* DimeDasherApp.swift */,
				2DA7D7AF2A4AD10500F25939 /* Constants.swift */,
				2DA7D78D2A4AB76C00F25939 /* ContentView.swift */,
				2DA7D7942A4AB76D00F25939 /* Persistence.swift */,
				2DA7D7C22A4B160000F25939 /* DataController */,
				2DA7D79E2A4AC5AB00F25939 /* Views */,
				2DA7D7B42A4AE72E00F25939 /* Fonts */,
				2DA7D78F2A4AB76D00F25939 /* Assets.xcassets */,
				2DA7D7962A4AB76D00F25939 /* DimeDasher.xcdatamodeld */,
				2DA7D7912A4AB76D00F25939 /* Preview Content */,
			);
			path = DimeDasher;
			sourceTree = "<group>";
		};
		2DA7D7912A4AB76D00F25939 /* Preview Content */ = {
			isa = PBXGroup;
			children = (
				2DA7D7922A4AB76D00F25939 /* Preview Assets.xcassets */,
			);
			path = "Preview Content";
			sourceTree = "<group>";
		};
		2DA7D79E2A4AC5AB00F25939 /* Views */ = {
			isa = PBXGroup;
			children = (
				2DA7D7CC2A4CB65C00F25939 /* FirstLaunchView */,
				2DA7D7AB2A4ACB2200F25939 /* TabsContentView.swift */,
				2DA7D7A52A4AC75900F25939 /* CustomTabView.swift */,
				2DA7D7B12A4AE4EB00F25939 /* MainView */,
				2D1940172A4DE58F00A45537 /* AddTransactionView */,
				2DA7D7A92A4AC89500F25939 /* ChartView.swift */,
			);
			path = Views;
			sourceTree = "<group>";
		};
		2DA7D7B12A4AE4EB00F25939 /* MainView */ = {
			isa = PBXGroup;
			children = (
				2DA7D7CF2A4CC45C00F25939 /* MainViewModel.swift */,
				2DA7D7A72A4AC78100F25939 /* MainView.swift */,
				2DA7D7BC2A4AEECA00F25939 /* HeaderView.swift */,
				2DA7D7B22A4AE4FC00F25939 /* SummaryView.swift */,
				2DA7D7BE2A4AF1BB00F25939 /* TransactionList.swift */,
				2DA7D7C02A4AF1C900F25939 /* TransactionListItem.swift */,
			);
			path = MainView;
			sourceTree = "<group>";
		};
		2DA7D7B42A4AE72E00F25939 /* Fonts */ = {
			isa = PBXGroup;
			children = (
				2DA7D7BA2A4AE92D00F25939 /* Raleway-Regular.ttf */,
				2DA7D7B72A4AE78700F25939 /* Raleway-Bold.ttf */,
			);
			path = Fonts;
			sourceTree = "<group>";
		};
		2DA7D7C22A4B160000F25939 /* DataController */ = {
			isa = PBXGroup;
			children = (
				2DA7D7C32A4B161200F25939 /* DataController.swift */,
			);
			path = DataController;
			sourceTree = "<group>";
		};
		2DA7D7CC2A4CB65C00F25939 /* FirstLaunchView */ = {
			isa = PBXGroup;
			children = (
				2DA7D7CD2A4CB67000F25939 /* FirstLaunchViewModel.swift */,
				2DA7D7C72A4C827900F25939 /* FirstLaunchView.swift */,
			);
			path = FirstLaunchView;
			sourceTree = "<group>";
		};
/* End PBXGroup section */

/* Begin PBXNativeTarget section */
		2DA7D7872A4AB76C00F25939 /* DimeDasher */ = {
			isa = PBXNativeTarget;
			buildConfigurationList = 2DA7D79B2A4AB76D00F25939 /* Build configuration list for PBXNativeTarget "DimeDasher" */;
			buildPhases = (
				2DA7D7842A4AB76C00F25939 /* Sources */,
				2DA7D7852A4AB76C00F25939 /* Frameworks */,
				2DA7D7862A4AB76C00F25939 /* Resources */,
			);
			buildRules = (
			);
			dependencies = (
			);
			name = DimeDasher;
			packageProductDependencies = (
				2DA7D7D22A4CCDAC00F25939 /* Collections */,
				2DA7D7D42A4CCDAC00F25939 /* DequeModule */,
				2DA7D7D62A4CCDAC00F25939 /* OrderedCollections */,
			);
			productName = DimeDasher;
			productReference = 2DA7D7882A4AB76C00F25939 /* DimeDasher.app */;
			productType = "com.apple.product-type.application";
		};
/* End PBXNativeTarget section */

/* Begin PBXProject section */
		2DA7D7802A4AB76C00F25939 /* Project object */ = {
			isa = PBXProject;
			attributes = {
				BuildIndependentTargetsInParallel = 1;
				LastSwiftUpdateCheck = 1430;
				LastUpgradeCheck = 1430;
				TargetAttributes = {
					2DA7D7872A4AB76C00F25939 = {
						CreatedOnToolsVersion = 14.3.1;
					};
				};
			};
			buildConfigurationList = 2DA7D7832A4AB76C00F25939 /* Build configuration list for PBXProject "DimeDasher" */;
			compatibilityVersion = "Xcode 14.0";
			developmentRegion = en;
			hasScannedForEncodings = 0;
			knownRegions = (
				en,
				Base,
			);
			mainGroup = 2DA7D77F2A4AB76C00F25939;
			packageReferences = (
				2DA7D7D12A4CCDAC00F25939 /* XCRemoteSwiftPackageReference "swift-collections" */,
			);
			productRefGroup = 2DA7D7892A4AB76C00F25939 /* Products */;
			projectDirPath = "";
			projectRoot = "";
			targets = (
				2DA7D7872A4AB76C00F25939 /* DimeDasher */,
			);
		};
/* End PBXProject section */

/* Begin PBXResourcesBuildPhase section */
		2DA7D7862A4AB76C00F25939 /* Resources */ = {
			isa = PBXResourcesBuildPhase;
			buildActionMask = 2147483647;
			files = (
				2DA7D7BB2A4AE92D00F25939 /* Raleway-Regular.ttf in Resources */,
				2DA7D7932A4AB76D00F25939 /* Preview Assets.xcassets in Resources */,
				2DA7D7902A4AB76D00F25939 /* Assets.xcassets in Resources */,
				2DA7D7B82A4AE78700F25939 /* Raleway-Bold.ttf in Resources */,
			);
			runOnlyForDeploymentPostprocessing = 0;
		};
/* End PBXResourcesBuildPhase section */

/* Begin PBXSourcesBuildPhase section */
		2DA7D7842A4AB76C00F25939 /* Sources */ = {
			isa = PBXSourcesBuildPhase;
			buildActionMask = 2147483647;
			files = (
				2DA7D7AC2A4ACB2200F25939 /* TabsContentView.swift in Sources */,
				2DA7D7952A4AB76D00F25939 /* Persistence.swift in Sources */,
				2DA7D7A82A4AC78100F25939 /* MainView.swift in Sources */,
				2D1940162A4DE58100A45537 /* AddTransactionViewModel.swift in Sources */,
				2D1940142A4DE33A00A45537 /* AddTransactionView.swift in Sources */,
				2DA7D7CE2A4CB67000F25939 /* FirstLaunchViewModel.swift in Sources */,
				2DA7D7982A4AB76D00F25939 /* DimeDasher.xcdatamodeld in Sources */,
				2D1940372A5184C400A45537 /* Expense+CoreDataClass.swift in Sources */,
				2DA7D7AA2A4AC89500F25939 /* ChartView.swift in Sources */,
				2DA7D7A62A4AC75900F25939 /* CustomTabView.swift in Sources */,
				2DA7D78E2A4AB76C00F25939 /* ContentView.swift in Sources */,
				2DA7D7C42A4B161200F25939 /* DataController.swift in Sources */,
				2DA7D7BD2A4AEECA00F25939 /* HeaderView.swift in Sources */,
				2DA7D7B32A4AE4FC00F25939 /* SummaryView.swift in Sources */,
				2DA7D78C2A4AB76C00F25939 /* DimeDasherApp.swift in Sources */,
				2DA7D7BF2A4AF1BB00F25939 /* TransactionList.swift in Sources */,
				2DA7D7C62A4B3BD600F25939 /* NewTransactionView.swift in Sources */,
				2DA7D7C12A4AF1C900F25939 /* TransactionListItem.swift in Sources */,
				2D1940382A5184C400A45537 /* Expense+CoreDataProperties.swift in Sources */,
				2D19403C2A5188C400A45537 /* ExpenseEnum.swift in Sources */,
				2DA7D7C82A4C827900F25939 /* FirstLaunchView.swift in Sources */,
				2DA7D7B02A4AD10500F25939 /* Constants.swift in Sources */,
				2DA7D7D02A4CC45C00F25939 /* MainViewModel.swift in Sources */,
			);
			runOnlyForDeploymentPostprocessing = 0;
		};
/* End PBXSourcesBuildPhase section */

/* Begin XCBuildConfiguration section */
		2DA7D7992A4AB76D00F25939 /* Debug */ = {
			isa = XCBuildConfiguration;
			buildSettings = {
				ALWAYS_SEARCH_USER_PATHS = NO;
				CLANG_ANALYZER_NONNULL = YES;
				CLANG_ANALYZER_NUMBER_OBJECT_CONVERSION = YES_AGGRESSIVE;
				CLANG_CXX_LANGUAGE_STANDARD = "gnu++20";
				CLANG_ENABLE_MODULES = YES;
				CLANG_ENABLE_OBJC_ARC = YES;
				CLANG_ENABLE_OBJC_WEAK = YES;
				CLANG_WARN_BLOCK_CAPTURE_AUTORELEASING = YES;
				CLANG_WARN_BOOL_CONVERSION = YES;
				CLANG_WARN_COMMA = YES;
				CLANG_WARN_CONSTANT_CONVERSION = YES;
				CLANG_WARN_DEPRECATED_OBJC_IMPLEMENTATIONS = YES;
				CLANG_WARN_DIRECT_OBJC_ISA_USAGE = YES_ERROR;
				CLANG_WARN_DOCUMENTATION_COMMENTS = YES;
				CLANG_WARN_EMPTY_BODY = YES;
				CLANG_WARN_ENUM_CONVERSION = YES;
				CLANG_WARN_INFINITE_RECURSION = YES;
				CLANG_WARN_INT_CONVERSION = YES;
				CLANG_WARN_NON_LITERAL_NULL_CONVERSION = YES;
				CLANG_WARN_OBJC_IMPLICIT_RETAIN_SELF = YES;
				CLANG_WARN_OBJC_LITERAL_CONVERSION = YES;
				CLANG_WARN_OBJC_ROOT_CLASS = YES_ERROR;
				CLANG_WARN_QUOTED_INCLUDE_IN_FRAMEWORK_HEADER = YES;
				CLANG_WARN_RANGE_LOOP_ANALYSIS = YES;
				CLANG_WARN_STRICT_PROTOTYPES = YES;
				CLANG_WARN_SUSPICIOUS_MOVE = YES;
				CLANG_WARN_UNGUARDED_AVAILABILITY = YES_AGGRESSIVE;
				CLANG_WARN_UNREACHABLE_CODE = YES;
				CLANG_WARN__DUPLICATE_METHOD_MATCH = YES;
				COPY_PHASE_STRIP = NO;
				DEBUG_INFORMATION_FORMAT = dwarf;
				ENABLE_STRICT_OBJC_MSGSEND = YES;
				ENABLE_TESTABILITY = YES;
				GCC_C_LANGUAGE_STANDARD = gnu11;
				GCC_DYNAMIC_NO_PIC = NO;
				GCC_NO_COMMON_BLOCKS = YES;
				GCC_OPTIMIZATION_LEVEL = 0;
				GCC_PREPROCESSOR_DEFINITIONS = (
					"DEBUG=1",
					"$(inherited)",
				);
				GCC_WARN_64_TO_32_BIT_CONVERSION = YES;
				GCC_WARN_ABOUT_RETURN_TYPE = YES_ERROR;
				GCC_WARN_UNDECLARED_SELECTOR = YES;
				GCC_WARN_UNINITIALIZED_AUTOS = YES_AGGRESSIVE;
				GCC_WARN_UNUSED_FUNCTION = YES;
				GCC_WARN_UNUSED_VARIABLE = YES;
				IPHONEOS_DEPLOYMENT_TARGET = 16.4;
				MTL_ENABLE_DEBUG_INFO = INCLUDE_SOURCE;
				MTL_FAST_MATH = YES;
				ONLY_ACTIVE_ARCH = YES;
				SDKROOT = iphoneos;
				SWIFT_ACTIVE_COMPILATION_CONDITIONS = DEBUG;
				SWIFT_OPTIMIZATION_LEVEL = "-Onone";
			};
			name = Debug;
		};
		2DA7D79A2A4AB76D00F25939 /* Release */ = {
			isa = XCBuildConfiguration;
			buildSettings = {
				ALWAYS_SEARCH_USER_PATHS = NO;
				CLANG_ANALYZER_NONNULL = YES;
				CLANG_ANALYZER_NUMBER_OBJECT_CONVERSION = YES_AGGRESSIVE;
				CLANG_CXX_LANGUAGE_STANDARD = "gnu++20";
				CLANG_ENABLE_MODULES = YES;
				CLANG_ENABLE_OBJC_ARC = YES;
				CLANG_ENABLE_OBJC_WEAK = YES;
				CLANG_WARN_BLOCK_CAPTURE_AUTORELEASING = YES;
				CLANG_WARN_BOOL_CONVERSION = YES;
				CLANG_WARN_COMMA = YES;
				CLANG_WARN_CONSTANT_CONVERSION = YES;
				CLANG_WARN_DEPRECATED_OBJC_IMPLEMENTATIONS = YES;
				CLANG_WARN_DIRECT_OBJC_ISA_USAGE = YES_ERROR;
				CLANG_WARN_DOCUMENTATION_COMMENTS = YES;
				CLANG_WARN_EMPTY_BODY = YES;
				CLANG_WARN_ENUM_CONVERSION = YES;
				CLANG_WARN_INFINITE_RECURSION = YES;
				CLANG_WARN_INT_CONVERSION = YES;
				CLANG_WARN_NON_LITERAL_NULL_CONVERSION = YES;
				CLANG_WARN_OBJC_IMPLICIT_RETAIN_SELF = YES;
				CLANG_WARN_OBJC_LITERAL_CONVERSION = YES;
				CLANG_WARN_OBJC_ROOT_CLASS = YES_ERROR;
				CLANG_WARN_QUOTED_INCLUDE_IN_FRAMEWORK_HEADER = YES;
				CLANG_WARN_RANGE_LOOP_ANALYSIS = YES;
				CLANG_WARN_STRICT_PROTOTYPES = YES;
				CLANG_WARN_SUSPICIOUS_MOVE = YES;
				CLANG_WARN_UNGUARDED_AVAILABILITY = YES_AGGRESSIVE;
				CLANG_WARN_UNREACHABLE_CODE = YES;
				CLANG_WARN__DUPLICATE_METHOD_MATCH = YES;
				COPY_PHASE_STRIP = NO;
				DEBUG_INFORMATION_FORMAT = "dwarf-with-dsym";
				ENABLE_NS_ASSERTIONS = NO;
				ENABLE_STRICT_OBJC_MSGSEND = YES;
				GCC_C_LANGUAGE_STANDARD = gnu11;
				GCC_NO_COMMON_BLOCKS = YES;
				GCC_WARN_64_TO_32_BIT_CONVERSION = YES;
				GCC_WARN_ABOUT_RETURN_TYPE = YES_ERROR;
				GCC_WARN_UNDECLARED_SELECTOR = YES;
				GCC_WARN_UNINITIALIZED_AUTOS = YES_AGGRESSIVE;
				GCC_WARN_UNUSED_FUNCTION = YES;
				GCC_WARN_UNUSED_VARIABLE = YES;
				IPHONEOS_DEPLOYMENT_TARGET = 16.4;
				MTL_ENABLE_DEBUG_INFO = NO;
				MTL_FAST_MATH = YES;
				SDKROOT = iphoneos;
				SWIFT_COMPILATION_MODE = wholemodule;
				SWIFT_OPTIMIZATION_LEVEL = "-O";
				VALIDATE_PRODUCT = YES;
			};
			name = Release;
		};
		2DA7D79C2A4AB76D00F25939 /* Debug */ = {
			isa = XCBuildConfiguration;
			buildSettings = {
				ASSETCATALOG_COMPILER_APPICON_NAME = AppIcon;
				ASSETCATALOG_COMPILER_GLOBAL_ACCENT_COLOR_NAME = AccentColor;
				CODE_SIGN_STYLE = Automatic;
				CURRENT_PROJECT_VERSION = 1;
				DEVELOPMENT_ASSET_PATHS = "\"DimeDasher/Preview Content\"";
				DEVELOPMENT_TEAM = 2H8VP26HBU;
				ENABLE_PREVIEWS = YES;
				GENERATE_INFOPLIST_FILE = YES;
				INFOPLIST_FILE = DimeDasher/Info.plist;
				INFOPLIST_KEY_LSApplicationCategoryType = "";
				INFOPLIST_KEY_UIApplicationSceneManifest_Generation = YES;
				INFOPLIST_KEY_UIApplicationSupportsIndirectInputEvents = YES;
				INFOPLIST_KEY_UISupportedInterfaceOrientations_iPad = "UIInterfaceOrientationPortrait UIInterfaceOrientationPortraitUpsideDown UIInterfaceOrientationLandscapeLeft UIInterfaceOrientationLandscapeRight";
				INFOPLIST_KEY_UISupportedInterfaceOrientations_iPhone = "UIInterfaceOrientationPortrait UIInterfaceOrientationLandscapeLeft UIInterfaceOrientationLandscapeRight";
				LD_RUNPATH_SEARCH_PATHS = (
					"$(inherited)",
					"@executable_path/Frameworks",
				);
				MARKETING_VERSION = 1.0;
				PRODUCT_BUNDLE_IDENTIFIER = odrzywolek.marta.DimeDasher;
				PRODUCT_NAME = "$(TARGET_NAME)";
				SWIFT_EMIT_LOC_STRINGS = YES;
				SWIFT_VERSION = 5.0;
				TARGETED_DEVICE_FAMILY = "1,2";
			};
			name = Debug;
		};
		2DA7D79D2A4AB76D00F25939 /* Release */ = {
			isa = XCBuildConfiguration;
			buildSettings = {
				ASSETCATALOG_COMPILER_APPICON_NAME = AppIcon;
				ASSETCATALOG_COMPILER_GLOBAL_ACCENT_COLOR_NAME = AccentColor;
				CODE_SIGN_STYLE = Automatic;
				CURRENT_PROJECT_VERSION = 1;
				DEVELOPMENT_ASSET_PATHS = "\"DimeDasher/Preview Content\"";
				DEVELOPMENT_TEAM = 2H8VP26HBU;
				ENABLE_PREVIEWS = YES;
				GENERATE_INFOPLIST_FILE = YES;
				INFOPLIST_FILE = DimeDasher/Info.plist;
				INFOPLIST_KEY_LSApplicationCategoryType = "";
				INFOPLIST_KEY_UIApplicationSceneManifest_Generation = YES;
				INFOPLIST_KEY_UIApplicationSupportsIndirectInputEvents = YES;
				INFOPLIST_KEY_UISupportedInterfaceOrientations_iPad = "UIInterfaceOrientationPortrait UIInterfaceOrientationPortraitUpsideDown UIInterfaceOrientationLandscapeLeft UIInterfaceOrientationLandscapeRight";
				INFOPLIST_KEY_UISupportedInterfaceOrientations_iPhone = "UIInterfaceOrientationPortrait UIInterfaceOrientationLandscapeLeft UIInterfaceOrientationLandscapeRight";
				LD_RUNPATH_SEARCH_PATHS = (
					"$(inherited)",
					"@executable_path/Frameworks",
				);
				MARKETING_VERSION = 1.0;
				PRODUCT_BUNDLE_IDENTIFIER = odrzywolek.marta.DimeDasher;
				PRODUCT_NAME = "$(TARGET_NAME)";
				SWIFT_EMIT_LOC_STRINGS = YES;
				SWIFT_VERSION = 5.0;
				TARGETED_DEVICE_FAMILY = "1,2";
			};
			name = Release;
		};
/* End XCBuildConfiguration section */

/* Begin XCConfigurationList section */
		2DA7D7832A4AB76C00F25939 /* Build configuration list for PBXProject "DimeDasher" */ = {
			isa = XCConfigurationList;
			buildConfigurations = (
				2DA7D7992A4AB76D00F25939 /* Debug */,
				2DA7D79A2A4AB76D00F25939 /* Release */,
			);
			defaultConfigurationIsVisible = 0;
			defaultConfigurationName = Release;
		};
		2DA7D79B2A4AB76D00F25939 /* Build configuration list for PBXNativeTarget "DimeDasher" */ = {
			isa = XCConfigurationList;
			buildConfigurations = (
				2DA7D79C2A4AB76D00F25939 /* Debug */,
				2DA7D79D2A4AB76D00F25939 /* Release */,
			);
			defaultConfigurationIsVisible = 0;
			defaultConfigurationName = Release;
		};
/* End XCConfigurationList section */

/* Begin XCRemoteSwiftPackageReference section */
		2DA7D7D12A4CCDAC00F25939 /* XCRemoteSwiftPackageReference "swift-collections" */ = {
			isa = XCRemoteSwiftPackageReference;
			repositoryURL = "https://github.com/apple/swift-collections.git";
			requirement = {
				kind = upToNextMajorVersion;
				minimumVersion = 1.0.0;
			};
		};
/* End XCRemoteSwiftPackageReference section */

/* Begin XCSwiftPackageProductDependency section */
		2DA7D7D22A4CCDAC00F25939 /* Collections */ = {
			isa = XCSwiftPackageProductDependency;
			package = 2DA7D7D12A4CCDAC00F25939 /* XCRemoteSwiftPackageReference "swift-collections" */;
			productName = Collections;
		};
		2DA7D7D42A4CCDAC00F25939 /* DequeModule */ = {
			isa = XCSwiftPackageProductDependency;
			package = 2DA7D7D12A4CCDAC00F25939 /* XCRemoteSwiftPackageReference "swift-collections" */;
			productName = DequeModule;
		};
		2DA7D7D62A4CCDAC00F25939 /* OrderedCollections */ = {
			isa = XCSwiftPackageProductDependency;
			package = 2DA7D7D12A4CCDAC00F25939 /* XCRemoteSwiftPackageReference "swift-collections" */;
			productName = OrderedCollections;
		};
/* End XCSwiftPackageProductDependency section */

/* Begin XCVersionGroup section */
		2DA7D7962A4AB76D00F25939 /* DimeDasher.xcdatamodeld */ = {
			isa = XCVersionGroup;
			children = (
				2DA7D7972A4AB76D00F25939 /* DimeDasher.xcdatamodel */,
			);
			currentVersion = 2DA7D7972A4AB76D00F25939 /* DimeDasher.xcdatamodel */;
			path = DimeDasher.xcdatamodeld;
			sourceTree = "<group>";
			versionGroupType = wrapper.xcdatamodel;
		};
/* End XCVersionGroup section */
	};
	rootObject = 2DA7D7802A4AB76C00F25939 /* Project object */;
}
